{
  "object": {
    "pins": [
      {
        "package": "Transformers",
        "repositoryURL": "https://github.com/webfrogs/Transformers.git",
        "state": {
          "branch": null,
          "revision": "9045fb5129a008b7c1929bf933f0bb32a5ae072c",
          "version": "1.0.1"
        }
      }
    ]
  },
  "version": 1
}
